
Microsoft Visual Studio Solution File, Format Version 12.00
# Visual Studio Version 17
VisualStudioVersion = 17.4.33213.308
MinimumVisualStudioVersion = 10.0.40219.1
Project("{8BC9CEB8-8B4A-11D0-8D11-00A0C91BC942}") = "SimpleOscillator", "SimpleOscillator\SimpleOscillator.vcxproj", "{86564CC2-AEB5-420E-B379-7065EDF9DFBB}"
EndProject
Global
	GlobalSection(SolutionConfigurationPlatforms) = preSolution
		Debug|x64 = Debug|x64
		Debug|x86 = Debug|x86
		Release|x64 = Release|x64
		Release|x86 = Release|x86
	EndGlobalSection
	GlobalSection(ProjectConfigurationPlatforms) = postSolution
		{86564CC2-AEB5-420E-B379-7065EDF9DFBB}.Debug|x64.ActiveCfg = Debug|x64
		{86564CC2-AEB5-420E-B379-7065EDF9DFBB}.Debug|x64.Build.0 = Debug|x64
		{86564CC2-AEB5-420E-B379-7065EDF9DFBB}.Debug|x86.ActiveCfg = Debug|Win32
		{86564CC2-AEB5-420E-B379-7065EDF9DFBB}.Debug|x86.Build.0 = Debug|Win32
		{86564CC2-AEB5-420E-B379-7065EDF9DFBB}.Release|x64.ActiveCfg = Release|x64
		{86564CC2-AEB5-420E-B379-7065EDF9DFBB}.Release|x64.Build.0 = Release|x64
		{86564CC2-AEB5-420E-B379-7065EDF9DFBB}.Release|x86.ActiveCfg = Release|Win32
		{86564CC2-AEB5-420E-B379-7065EDF9DFBB}.Release|x86.Build.0 = Release|Win32
	EndGlobalSection
	GlobalSection(SolutionProperties) = preSolution
		HideSolutionNode = FALSE
	EndGlobalSection
	GlobalSection(ExtensibilityGlobals) = postSolution
		SolutionGuid = {7CF61B2E-D006-497B-94D1-00BF82C8CDF6}
	EndGlobalSection
EndGlobal
